{
  "name": "steps-presinter",
  "version": "1.0.0",
  "lockfileVersion": 3,
  "requires": true,
  "packages": {
    "": {
      "name": "steps-presinter",
      "version": "1.0.0",
      "license": "MIT",
      "dependencies": {
        "@livekit/server-sdk": "^2.5.0",
        "cors": "^2.8.5",
        "express": "^4.19.2"
      }
    },
    "node_modules/@livekit/server-sdk": {
      "version": "2.5.0",
      "resolved": "https://registry.npmjs.org/@livekit/server-sdk/-/server-sdk-2.5.0.tgz",
      "integrity": "sha512-uQ+w5bF6GEYmNnHf0O+q+nFoQO7loHiKOELjoKbwB1k4nU6Jrf5dICgfBrE6ffj1EUnolhw0bIwr9X5DblqkOw==",
      "dependencies": {
        "jsonwebtoken": "^9.0.2"
      }
    },
    "node_modules/cors": {
      "version": "2.8.5",
      "resolved": "https://registry.npmjs.org/cors/-/cors-2.8.5.tgz",
      "integrity": "sha512-KG2+fHq6G8x0s4zD6CEoXy8Lrq8jXjHk7D5c2B+2lYAj3K8wFKs3hOaQp1bB1NLaIYlqTV86gBIlgjwAw36Hzw==",
      "dependencies": {
        "object-assign": "^4.1.1",
        "vary": "^1.1.2"
      }
    },
    "node_modules/express": {
      "version": "4.19.2",
      "resolved": "https://registry.npmjs.org/express/-/express-4.19.2.tgz",
      "integrity": "sha512-qFe0dTx5eA9pI0Z3JmHQbhNyiNf+YkA1S9kRzDXA6JGE0W+oAtSwcZZx5bpb5bS9BzN3q8k05zfqJx1b8T3eMA==",
      "dependencies": {
        "accepts": "~1.3.8",
        "array-flatten": "1.1.1",
        "body-parser": "1.20.2",
        "content-disposition": "0.5.4",
        "content-type": "~1.0.5",
        "cookie": "0.5.0",
        "cookie-signature": "1.0.6",
        "debug": "2.6.9",
        "depd": "~2.0.0",
        "encodeurl": "~1.0.2",
        "escape-html": "~1.0.3",
        "etag": "~1.8.1",
        "finalhandler": "1.2.0",
        "fresh": "0.5.2",
        "merge-descriptors": "1.0.1",
        "methods": "~1.1.2",
        "on-finished": "~2.4.1",
        "parseurl": "~1.3.3",
        "path-to-regexp": "0.1.7",
        "proxy-addr": "~2.0.7",
        "qs": "6.11.0",
        "range-parser": "~1.2.1",
        "safe-buffer": "5.2.1",
        "send": "0.18.0",
        "serve-static": "1.15.0",
        "setprototypeof": "1.2.0",
        "statuses": "2.0.1",
        "type-is": "~1.6.18",
        "utils-merge": "1.0.1",
        "vary": "~1.1.2"
      }
    }
  }
}
